<?xml version="1.0" encoding="utf-8"?>
<Project ToolsVersion="4.0" xmlns="http://schemas.microsoft.com/developer/msbuild/2003">
  <ItemGroup>
    <Filter Include="소스 파일">
      <UniqueIdentifier>{4FC737F1-C7A5-4376-A066-2A32D752A2FF}</UniqueIdentifier>
      <Extensions>cpp;c;cc;cxx;def;odl;idl;hpj;bat;asm;asmx</Extensions>
    </Filter>
    <Filter Include="헤더 파일">
      <UniqueIdentifier>{93995380-89BD-4b04-88EB-625FBE52EBFB}</UniqueIdentifier>
      <Extensions>h;hh;hpp;hxx;hm;inl;inc;ipp;xsd</Extensions>
    </Filter>
    <Filter Include="리소스 파일">
      <UniqueIdentifier>{67DA6AB6-F800-4c08-8B7A-83BB121AAD01}</UniqueIdentifier>
      <Extensions>rc;ico;cur;bmp;dlg;rc2;rct;bin;rgs;gif;jpg;jpeg;jpe;resx;tiff;tif;png;wav;mfcribbon-ms</Extensions>
    </Filter>
    <Filter Include="worm">
      <UniqueIdentifier>{17cf1dd1-2b9d-44ec-8b68-fa6143e8f5a6}</UniqueIdentifier>
    </Filter>
    <Filter Include="airplane">
      <UniqueIdentifier>{c8044dc4-4370-46f8-a35a-fe559cdc2d7a}</UniqueIdentifier>
    </Filter>
  </ItemGroup>
  <ItemGroup>
    <ClInclude Include="stdafx.h">
      <Filter>헤더 파일</Filter>
    </ClInclude>
    <ClInclude Include="targetver.h">
      <Filter>헤더 파일</Filter>
    </ClInclude>
    <ClInclude Include="Resource.h">
      <Filter>헤더 파일</Filter>
    </ClInclude>
    <ClInclude Include="API2D.h">
      <Filter>헤더 파일</Filter>
    </ClInclude>
    <ClInclude Include="cClock.h">
      <Filter>헤더 파일</Filter>
    </ClInclude>
    <ClInclude Include="cMainGame.h">
      <Filter>헤더 파일</Filter>
    </ClInclude>
    <ClInclude Include="cAirplane.h">
      <Filter>헤더 파일</Filter>
    </ClInclude>
    <ClInclude Include="cTimeManager.h">
      <Filter>헤더 파일</Filter>
    </ClInclude>
    <ClInclude Include="cBullet.h">
      <Filter>airplane</Filter>
    </ClInclude>
    <ClInclude Include="cBulletManager.h">
      <Filter>airplane</Filter>
    </ClInclude>
    <ClInclude Include="cEnemy.h">
      <Filter>airplane</Filter>
    </ClInclude>
    <ClInclude Include="cPlayer.h">
      <Filter>airplane</Filter>
    </ClInclude>
    <ClInclude Include="cVector2.h">
      <Filter>airplane</Filter>
    </ClInclude>
    <ClInclude Include="cUtil.h">
      <Filter>소스 파일</Filter>
    </ClInclude>
    <ClInclude Include="WormPlayer.h">
      <Filter>worm</Filter>
    </ClInclude>
    <ClInclude Include="commonMacroFunction.h">
      <Filter>헤더 파일</Filter>
    </ClInclude>
    <ClInclude Include="Food.h">
      <Filter>worm</Filter>
    </ClInclude>
    <ClInclude Include="ConvexHull.h">
      <Filter>헤더 파일</Filter>
    </ClInclude>
  </ItemGroup>
  <ItemGroup>
    <ClCompile Include="stdafx.cpp">
      <Filter>소스 파일</Filter>
    </ClCompile>
    <ClCompile Include="API2D.cpp">
      <Filter>소스 파일</Filter>
    </ClCompile>
    <ClCompile Include="cVector2.cpp">
      <Filter>소스 파일</Filter>
    </ClCompile>
    <ClCompile Include="cUtil.cpp">
      <Filter>소스 파일</Filter>
    </ClCompile>
    <ClCompile Include="cTimeManager.cpp">
      <Filter>소스 파일</Filter>
    </ClCompile>
    <ClCompile Include="cAirplane.cpp">
      <Filter>airplane</Filter>
    </ClCompile>
    <ClCompile Include="cBullet.cpp">
      <Filter>airplane</Filter>
    </ClCompile>
    <ClCompile Include="cBulletManager.cpp">
      <Filter>airplane</Filter>
    </ClCompile>
    <ClCompile Include="cClock.cpp">
      <Filter>airplane</Filter>
    </ClCompile>
    <ClCompile Include="cEnemy.cpp">
      <Filter>airplane</Filter>
    </ClCompile>
    <ClCompile Include="cPlayer.cpp">
      <Filter>airplane</Filter>
    </ClCompile>
    <ClCompile Include="cMainGame.cpp">
      <Filter>소스 파일</Filter>
    </ClCompile>
    <ClCompile Include="WormPlayer.cpp">
      <Filter>worm</Filter>
    </ClCompile>
    <ClCompile Include="Food.cpp">
      <Filter>worm</Filter>
    </ClCompile>
    <ClCompile Include="ConvexHull.cpp">
      <Filter>소스 파일</Filter>
    </ClCompile>
  </ItemGroup>
  <ItemGroup>
    <ResourceCompile Include="API2D.rc">
      <Filter>리소스 파일</Filter>
    </ResourceCompile>
  </ItemGroup>
  <ItemGroup>
    <Image Include="small.ico">
      <Filter>리소스 파일</Filter>
    </Image>
    <Image Include="API2D.ico">
      <Filter>리소스 파일</Filter>
    </Image>
  </ItemGroup>
</Project>