<?xml version="1.0" encoding="utf-8"?>
<Project ToolsVersion="4.0" xmlns="http://schemas.microsoft.com/developer/msbuild/2003">
  <ItemGroup>
    <Filter Include="소스 파일">
      <UniqueIdentifier>{4FC737F1-C7A5-4376-A066-2A32D752A2FF}</UniqueIdentifier>
      <Extensions>cpp;c;cc;cxx;def;odl;idl;hpj;bat;asm;asmx</Extensions>
    </Filter>
    <Filter Include="헤더 파일">
      <UniqueIdentifier>{93995380-89BD-4b04-88EB-625FBE52EBFB}</UniqueIdentifier>
      <Extensions>h;hh;hpp;hxx;hm;inl;inc;ipp;xsd</Extensions>
    </Filter>
    <Filter Include="리소스 파일">
      <UniqueIdentifier>{67DA6AB6-F800-4c08-8B7A-83BB121AAD01}</UniqueIdentifier>
      <Extensions>rc;ico;cur;bmp;dlg;rc2;rct;bin;rgs;gif;jpg;jpeg;jpe;resx;tiff;tif;png;wav;mfcribbon-ms</Extensions>
    </Filter>
  </ItemGroup>
  <ItemGroup>
    <ClInclude Include="stdafx.h">
      <Filter>헤더 파일</Filter>
    </ClInclude>
    <ClInclude Include="targetver.h">
      <Filter>헤더 파일</Filter>
    </ClInclude>
    <ClInclude Include="Resource.h">
      <Filter>헤더 파일</Filter>
    </ClInclude>
    <ClInclude Include="API2D.h">
      <Filter>헤더 파일</Filter>
    </ClInclude>
    <ClInclude Include="cClock.h">
      <Filter>헤더 파일</Filter>
    </ClInclude>
    <ClInclude Include="cMainGame.h">
      <Filter>헤더 파일</Filter>
    </ClInclude>
    <ClInclude Include="cAirplane.h">
      <Filter>헤더 파일</Filter>
    </ClInclude>
    <ClInclude Include="cVector2.h">
      <Filter>헤더 파일</Filter>
    </ClInclude>
    <ClInclude Include="cUtil.h">
      <Filter>헤더 파일</Filter>
    </ClInclude>
    <ClInclude Include="cBullet.h">
      <Filter>헤더 파일</Filter>
    </ClInclude>
    <ClInclude Include="cPlayer.h">
      <Filter>헤더 파일</Filter>
    </ClInclude>
    <ClInclude Include="cEnemy.h">
      <Filter>헤더 파일</Filter>
    </ClInclude>
    <ClInclude Include="cTimeManager.h">
      <Filter>헤더 파일</Filter>
    </ClInclude>
    <ClInclude Include="cBulletManager.h">
      <Filter>헤더 파일</Filter>
    </ClInclude>
    <ClInclude Include="cNode.h">
      <Filter>헤더 파일</Filter>
    </ClInclude>
    <ClInclude Include="cPoint2N.h">
      <Filter>헤더 파일</Filter>
    </ClInclude>
    <ClInclude Include="cPathFollower.h">
      <Filter>헤더 파일</Filter>
    </ClInclude>
    <ClInclude Include="cImage.h">
      <Filter>헤더 파일</Filter>
    </ClInclude>
    <ClInclude Include="cSpriteSheet.h">
      <Filter>헤더 파일</Filter>
    </ClInclude>
    <ClInclude Include="iAnimation.h">
      <Filter>헤더 파일</Filter>
    </ClInclude>
    <ClInclude Include="cSpriteSheetAnimation.h">
      <Filter>헤더 파일</Filter>
    </ClInclude>
    <ClInclude Include="cCrt.h">
      <Filter>헤더 파일</Filter>
    </ClInclude>
    <ClInclude Include="cRadioButton.h">
      <Filter>헤더 파일</Filter>
    </ClInclude>
    <ClInclude Include="cObject.h">
      <Filter>헤더 파일</Filter>
    </ClInclude>
    <ClInclude Include="cAutoReleasePool.h">
      <Filter>헤더 파일</Filter>
    </ClInclude>
    <ClInclude Include="cMessageCenter.h">
      <Filter>헤더 파일</Filter>
    </ClInclude>
    <ClInclude Include="cUIObject.h">
      <Filter>헤더 파일</Filter>
    </ClInclude>
    <ClInclude Include="cUIWindow.h">
      <Filter>헤더 파일</Filter>
    </ClInclude>
    <ClInclude Include="cUIButton.h">
      <Filter>헤더 파일</Filter>
    </ClInclude>
    <ClInclude Include="cUIImageButton.h">
      <Filter>헤더 파일</Filter>
    </ClInclude>
    <ClInclude Include="cUISlotContainer.h">
      <Filter>헤더 파일</Filter>
    </ClInclude>
    <ClInclude Include="cUISlot.h">
      <Filter>헤더 파일</Filter>
    </ClInclude>
    <ClInclude Include="cUIItemImage.h">
      <Filter>헤더 파일</Filter>
    </ClInclude>
    <ClInclude Include="cMiner.h">
      <Filter>헤더 파일</Filter>
    </ClInclude>
    <ClInclude Include="iMinerState.h">
      <Filter>헤더 파일</Filter>
    </ClInclude>
    <ClInclude Include="cMap.h">
      <Filter>헤더 파일</Filter>
    </ClInclude>
    <ClInclude Include="cGameObject.h">
      <Filter>헤더 파일</Filter>
    </ClInclude>
    <ClInclude Include="cObstacle.h">
      <Filter>헤더 파일</Filter>
    </ClInclude>
    <ClInclude Include="cTile.h">
      <Filter>헤더 파일</Filter>
    </ClInclude>
  </ItemGroup>
  <ItemGroup>
    <ClCompile Include="stdafx.cpp">
      <Filter>소스 파일</Filter>
    </ClCompile>
    <ClCompile Include="API2D.cpp">
      <Filter>소스 파일</Filter>
    </ClCompile>
    <ClCompile Include="cClock.cpp">
      <Filter>소스 파일</Filter>
    </ClCompile>
    <ClCompile Include="cMainGame.cpp">
      <Filter>소스 파일</Filter>
    </ClCompile>
    <ClCompile Include="cAirplane.cpp">
      <Filter>소스 파일</Filter>
    </ClCompile>
    <ClCompile Include="cVector2.cpp">
      <Filter>소스 파일</Filter>
    </ClCompile>
    <ClCompile Include="cUtil.cpp">
      <Filter>소스 파일</Filter>
    </ClCompile>
    <ClCompile Include="cBullet.cpp">
      <Filter>소스 파일</Filter>
    </ClCompile>
    <ClCompile Include="cPlayer.cpp">
      <Filter>소스 파일</Filter>
    </ClCompile>
    <ClCompile Include="cEnemy.cpp">
      <Filter>소스 파일</Filter>
    </ClCompile>
    <ClCompile Include="cTimeManager.cpp">
      <Filter>소스 파일</Filter>
    </ClCompile>
    <ClCompile Include="cBulletManager.cpp">
      <Filter>소스 파일</Filter>
    </ClCompile>
    <ClCompile Include="cNode.cpp">
      <Filter>소스 파일</Filter>
    </ClCompile>
    <ClCompile Include="cPoint2N.cpp">
      <Filter>소스 파일</Filter>
    </ClCompile>
    <ClCompile Include="cPathFollower.cpp">
      <Filter>소스 파일</Filter>
    </ClCompile>
    <ClCompile Include="cImage.cpp">
      <Filter>소스 파일</Filter>
    </ClCompile>
    <ClCompile Include="cSpriteSheet.cpp">
      <Filter>소스 파일</Filter>
    </ClCompile>
    <ClCompile Include="iAnimation.cpp">
      <Filter>소스 파일</Filter>
    </ClCompile>
    <ClCompile Include="cSpriteSheetAnimation.cpp">
      <Filter>소스 파일</Filter>
    </ClCompile>
    <ClCompile Include="cCrt.cpp">
      <Filter>소스 파일</Filter>
    </ClCompile>
    <ClCompile Include="cRadioButton.cpp">
      <Filter>소스 파일</Filter>
    </ClCompile>
    <ClCompile Include="cObject.cpp">
      <Filter>소스 파일</Filter>
    </ClCompile>
    <ClCompile Include="cAutoReleasePool.cpp">
      <Filter>소스 파일</Filter>
    </ClCompile>
    <ClCompile Include="cMessageCenter.cpp">
      <Filter>소스 파일</Filter>
    </ClCompile>
    <ClCompile Include="cUIObject.cpp">
      <Filter>소스 파일</Filter>
    </ClCompile>
    <ClCompile Include="cUIWindow.cpp">
      <Filter>소스 파일</Filter>
    </ClCompile>
    <ClCompile Include="cUIButton.cpp">
      <Filter>소스 파일</Filter>
    </ClCompile>
    <ClCompile Include="cUIImageButton.cpp">
      <Filter>소스 파일</Filter>
    </ClCompile>
    <ClCompile Include="cUISlotContainer.cpp">
      <Filter>소스 파일</Filter>
    </ClCompile>
    <ClCompile Include="cUISlot.cpp">
      <Filter>소스 파일</Filter>
    </ClCompile>
    <ClCompile Include="cUIItemImage.cpp">
      <Filter>소스 파일</Filter>
    </ClCompile>
    <ClCompile Include="cMiner.cpp">
      <Filter>소스 파일</Filter>
    </ClCompile>
    <ClCompile Include="iMinerState.cpp">
      <Filter>소스 파일</Filter>
    </ClCompile>
    <ClCompile Include="cMap.cpp">
      <Filter>소스 파일</Filter>
    </ClCompile>
    <ClCompile Include="cGameObject.cpp">
      <Filter>소스 파일</Filter>
    </ClCompile>
    <ClCompile Include="cObstacle.cpp">
      <Filter>소스 파일</Filter>
    </ClCompile>
    <ClCompile Include="cTile.cpp">
      <Filter>소스 파일</Filter>
    </ClCompile>
  </ItemGroup>
  <ItemGroup>
    <ResourceCompile Include="API2D.rc">
      <Filter>리소스 파일</Filter>
    </ResourceCompile>
  </ItemGroup>
  <ItemGroup>
    <Image Include="small.ico">
      <Filter>리소스 파일</Filter>
    </Image>
    <Image Include="API2D.ico">
      <Filter>리소스 파일</Filter>
    </Image>
  </ItemGroup>
</Project>