
Microsoft Visual Studio Solution File, Format Version 11.00
# Visual C++ Express 2010
Project("{8BC9CEB8-8B4A-11D0-8D11-00A0C91BC942}") = "AStar", "AStar\AStar.vcxproj", "{D492B859-A83B-4E74-8880-49956BAE375C}"
EndProject
Global
	GlobalSection(SolutionConfigurationPlatforms) = preSolution
		Debug|Win32 = Debug|Win32
		Release|Win32 = Release|Win32
	EndGlobalSection
	GlobalSection(ProjectConfigurationPlatforms) = postSolution
		{D492B859-A83B-4E74-8880-49956BAE375C}.Debug|Win32.ActiveCfg = Debug|Win32
		{D492B859-A83B-4E74-8880-49956BAE375C}.Debug|Win32.Build.0 = Debug|Win32
		{D492B859-A83B-4E74-8880-49956BAE375C}.Release|Win32.ActiveCfg = Release|Win32
		{D492B859-A83B-4E74-8880-49956BAE375C}.Release|Win32.Build.0 = Release|Win32
	EndGlobalSection
	GlobalSection(SolutionProperties) = preSolution
		HideSolutionNode = FALSE
	EndGlobalSection
EndGlobal
