<?xml version="1.0" encoding="utf-8"?>
<Project ToolsVersion="4.0" xmlns="http://schemas.microsoft.com/developer/msbuild/2003">
  <ItemGroup>
    <Filter Include="소스 파일">
      <UniqueIdentifier>{4FC737F1-C7A5-4376-A066-2A32D752A2FF}</UniqueIdentifier>
      <Extensions>cpp;c;cc;cxx;def;odl;idl;hpj;bat;asm;asmx</Extensions>
    </Filter>
    <Filter Include="헤더 파일">
      <UniqueIdentifier>{93995380-89BD-4b04-88EB-625FBE52EBFB}</UniqueIdentifier>
      <Extensions>h;hh;hpp;hxx;hm;inl;inc;ipp;xsd</Extensions>
    </Filter>
    <Filter Include="리소스 파일">
      <UniqueIdentifier>{67DA6AB6-F800-4c08-8B7A-83BB121AAD01}</UniqueIdentifier>
      <Extensions>rc;ico;cur;bmp;dlg;rc2;rct;bin;rgs;gif;jpg;jpeg;jpe;resx;tiff;tif;png;wav;mfcribbon-ms</Extensions>
    </Filter>
    <Filter Include="FrameWork">
      <UniqueIdentifier>{ee79d9f1-339c-4efe-8b42-b4cc07d3bfd6}</UniqueIdentifier>
    </Filter>
    <Filter Include="FrameWork\Device">
      <UniqueIdentifier>{1802b096-5880-40ec-82a8-4a3105b27d3a}</UniqueIdentifier>
    </Filter>
    <Filter Include="MainGame">
      <UniqueIdentifier>{beda31ff-260c-4868-8c42-7a15c0d25b48}</UniqueIdentifier>
    </Filter>
    <Filter Include="FrameWork\InputManager">
      <UniqueIdentifier>{cdb1e7f1-c2ce-4d84-80b5-0b4019934fdc}</UniqueIdentifier>
    </Filter>
    <Filter Include="FrameWork\Camera">
      <UniqueIdentifier>{e2aba0a0-42f9-4e9f-a4e2-0377295b60cc}</UniqueIdentifier>
    </Filter>
    <Filter Include="FrameWork\Texture">
      <UniqueIdentifier>{7776b941-17f6-4781-8460-884b69ff74eb}</UniqueIdentifier>
    </Filter>
    <Filter Include="FrameWork\World">
      <UniqueIdentifier>{64d68d60-b196-4566-bc33-6a6cf459b257}</UniqueIdentifier>
    </Filter>
    <Filter Include="Shader">
      <UniqueIdentifier>{37f13f94-e25a-406a-9aa3-22f1092d12ea}</UniqueIdentifier>
    </Filter>
    <Filter Include="FrameWork\Shader">
      <UniqueIdentifier>{77b445ea-9d1a-4ecb-8ab9-002eeeff33c4}</UniqueIdentifier>
    </Filter>
    <Filter Include="FrameWork\Timer">
      <UniqueIdentifier>{81733f14-5d42-4367-b4c6-020a367ee189}</UniqueIdentifier>
    </Filter>
    <Filter Include="FrameWork\TweakBar">
      <UniqueIdentifier>{178bc43f-3613-43ab-a17f-6b1b8bb5114a}</UniqueIdentifier>
    </Filter>
    <Filter Include="MainGame\CubeTest">
      <UniqueIdentifier>{747de5eb-4bcb-47fe-a957-3676870f20ab}</UniqueIdentifier>
    </Filter>
    <Filter Include="MainGame\Solar3DTest">
      <UniqueIdentifier>{e1c74ffa-0062-428d-9097-04179b3a9b67}</UniqueIdentifier>
    </Filter>
    <Filter Include="FrameWork\Grid">
      <UniqueIdentifier>{614f4815-13d6-4602-a03b-bf340cdd1103}</UniqueIdentifier>
    </Filter>
  </ItemGroup>
  <ItemGroup>
    <ClInclude Include="stdafx.h">
      <Filter>헤더 파일</Filter>
    </ClInclude>
    <ClInclude Include="Resource.h">
      <Filter>헤더 파일</Filter>
    </ClInclude>
    <ClInclude Include="DXFrameWork.h">
      <Filter>헤더 파일</Filter>
    </ClInclude>
    <ClInclude Include="Device.h">
      <Filter>FrameWork\Device</Filter>
    </ClInclude>
    <ClInclude Include="MainGame.h">
      <Filter>MainGame</Filter>
    </ClInclude>
    <ClInclude Include="InputManager.h">
      <Filter>FrameWork\InputManager</Filter>
    </ClInclude>
    <ClInclude Include="Test.h">
      <Filter>MainGame</Filter>
    </ClInclude>
    <ClInclude Include="Camera.h">
      <Filter>FrameWork\Camera</Filter>
    </ClInclude>
    <ClInclude Include="targetver.h">
      <Filter>헤더 파일</Filter>
    </ClInclude>
    <ClInclude Include="Texture.h">
      <Filter>FrameWork\Texture</Filter>
    </ClInclude>
    <ClInclude Include="World.h">
      <Filter>FrameWork\World</Filter>
    </ClInclude>
    <ClInclude Include="Shader.h">
      <Filter>FrameWork\Shader</Filter>
    </ClInclude>
    <ClInclude Include="Timer.h">
      <Filter>FrameWork\Timer</Filter>
    </ClInclude>
    <ClInclude Include="AntTweakBar.h">
      <Filter>FrameWork\TweakBar</Filter>
    </ClInclude>
    <ClInclude Include="TweakBar.h">
      <Filter>FrameWork\TweakBar</Filter>
    </ClInclude>
    <ClInclude Include="CubeTest.h">
      <Filter>MainGame\CubeTest</Filter>
    </ClInclude>
    <ClInclude Include="Solar3DTest.h">
      <Filter>MainGame\Solar3DTest</Filter>
    </ClInclude>
    <ClInclude Include="CubeTexture.h">
      <Filter>MainGame\Solar3DTest</Filter>
    </ClInclude>
    <ClInclude Include="Grid.h">
      <Filter>FrameWork\Grid</Filter>
    </ClInclude>
  </ItemGroup>
  <ItemGroup>
    <ClCompile Include="stdafx.cpp">
      <Filter>소스 파일</Filter>
    </ClCompile>
    <ClCompile Include="DXFrameWork.cpp">
      <Filter>소스 파일</Filter>
    </ClCompile>
    <ClCompile Include="Device.cpp">
      <Filter>FrameWork\Device</Filter>
    </ClCompile>
    <ClCompile Include="MainGame.cpp">
      <Filter>MainGame</Filter>
    </ClCompile>
    <ClCompile Include="InputManager.cpp">
      <Filter>FrameWork\InputManager</Filter>
    </ClCompile>
    <ClCompile Include="Camera.cpp">
      <Filter>FrameWork\Camera</Filter>
    </ClCompile>
    <ClCompile Include="Texture.cpp">
      <Filter>FrameWork\Texture</Filter>
    </ClCompile>
    <ClCompile Include="World.cpp">
      <Filter>FrameWork\World</Filter>
    </ClCompile>
    <ClCompile Include="Shader.cpp">
      <Filter>FrameWork\Shader</Filter>
    </ClCompile>
    <ClCompile Include="Timer.cpp">
      <Filter>FrameWork\Timer</Filter>
    </ClCompile>
    <ClCompile Include="TweakBar.cpp">
      <Filter>FrameWork\TweakBar</Filter>
    </ClCompile>
    <ClCompile Include="CubeTest.cpp">
      <Filter>MainGame\CubeTest</Filter>
    </ClCompile>
    <ClCompile Include="Solar3DTest.cpp">
      <Filter>MainGame\Solar3DTest</Filter>
    </ClCompile>
    <ClCompile Include="CubeTexture.cpp">
      <Filter>MainGame\Solar3DTest</Filter>
    </ClCompile>
    <ClCompile Include="Grid.cpp">
      <Filter>FrameWork\Grid</Filter>
    </ClCompile>
  </ItemGroup>
  <ItemGroup>
    <ResourceCompile Include="DXFrameWork.rc">
      <Filter>리소스 파일</Filter>
    </ResourceCompile>
  </ItemGroup>
  <ItemGroup>
    <Image Include="small.ico">
      <Filter>리소스 파일</Filter>
    </Image>
    <Image Include="DXFrameWork.ico">
      <Filter>리소스 파일</Filter>
    </Image>
  </ItemGroup>
  <ItemGroup>
    <Xml Include="Image\monster.xml">
      <Filter>리소스 파일</Filter>
    </Xml>
  </ItemGroup>
  <ItemGroup>
    <FxCompile Include="ColorShader.hlsl">
      <Filter>Shader</Filter>
    </FxCompile>
    <FxCompile Include="AlphaShader.hlsl">
      <Filter>Shader</Filter>
    </FxCompile>
    <FxCompile Include="MultiShader.hlsl">
      <Filter>Shader</Filter>
    </FxCompile>
    <FxCompile Include="BlurShader.hlsl">
      <Filter>Shader</Filter>
    </FxCompile>
    <FxCompile Include="MosaicShader.hlsl">
      <Filter>Shader</Filter>
    </FxCompile>
  </ItemGroup>
</Project>