<?xml version="1.0" encoding="utf-8"?>
<Project ToolsVersion="4.0" xmlns="http://schemas.microsoft.com/developer/msbuild/2003">
  <ItemGroup>
    <Filter Include="소스 파일">
      <UniqueIdentifier>{4FC737F1-C7A5-4376-A066-2A32D752A2FF}</UniqueIdentifier>
      <Extensions>cpp;c;cc;cxx;def;odl;idl;hpj;bat;asm;asmx</Extensions>
    </Filter>
    <Filter Include="헤더 파일">
      <UniqueIdentifier>{93995380-89BD-4b04-88EB-625FBE52EBFB}</UniqueIdentifier>
      <Extensions>h;hh;hpp;hxx;hm;inl;inc;ipp;xsd</Extensions>
    </Filter>
    <Filter Include="리소스 파일">
      <UniqueIdentifier>{67DA6AB6-F800-4c08-8B7A-83BB121AAD01}</UniqueIdentifier>
      <Extensions>rc;ico;cur;bmp;dlg;rc2;rct;bin;rgs;gif;jpg;jpeg;jpe;resx;tiff;tif;png;wav;mfcribbon-ms</Extensions>
    </Filter>
    <Filter Include="캐릭터">
      <UniqueIdentifier>{57116053-46c7-4b61-b48e-a0f6c936816e}</UniqueIdentifier>
    </Filter>
    <Filter Include="맵">
      <UniqueIdentifier>{c2f046da-a500-41a0-ac33-4418b7f3ffab}</UniqueIdentifier>
    </Filter>
    <Filter Include="전투">
      <UniqueIdentifier>{c39d4b83-4510-4ad4-9e02-e0e0ab24a2dd}</UniqueIdentifier>
    </Filter>
    <Filter Include="메인게임">
      <UniqueIdentifier>{c4d71fe2-b59e-4341-b5c3-7504be643ca4}</UniqueIdentifier>
    </Filter>
    <Filter Include="인벤토리">
      <UniqueIdentifier>{2d1024d0-1b40-4ec1-bd82-db9b9fe297c4}</UniqueIdentifier>
    </Filter>
  </ItemGroup>
  <ItemGroup>
    <ClInclude Include="stdafx.h">
      <Filter>헤더 파일</Filter>
    </ClInclude>
    <ClInclude Include="targetver.h">
      <Filter>헤더 파일</Filter>
    </ClInclude>
    <ClInclude Include="Resource.h">
      <Filter>헤더 파일</Filter>
    </ClInclude>
    <ClInclude Include="API2D.h">
      <Filter>헤더 파일</Filter>
    </ClInclude>
    <ClInclude Include="cVector2.h">
      <Filter>헤더 파일</Filter>
    </ClInclude>
    <ClInclude Include="cUtil.h">
      <Filter>헤더 파일</Filter>
    </ClInclude>
    <ClInclude Include="cPoint2N.h">
      <Filter>헤더 파일</Filter>
    </ClInclude>
    <ClInclude Include="cTimeManager.h">
      <Filter>헤더 파일</Filter>
    </ClInclude>
    <ClInclude Include="cCharacterImage.h">
      <Filter>캐릭터</Filter>
    </ClInclude>
    <ClInclude Include="cMapImage.h">
      <Filter>맵</Filter>
    </ClInclude>
    <ClInclude Include="cFigthImage.h">
      <Filter>전투</Filter>
    </ClInclude>
    <ClInclude Include="cMainGame.h">
      <Filter>메인게임</Filter>
    </ClInclude>
    <ClInclude Include="cInventory.h">
      <Filter>인벤토리</Filter>
    </ClInclude>
  </ItemGroup>
  <ItemGroup>
    <ClCompile Include="stdafx.cpp">
      <Filter>소스 파일</Filter>
    </ClCompile>
    <ClCompile Include="cVector2.cpp">
      <Filter>소스 파일</Filter>
    </ClCompile>
    <ClCompile Include="cUtil.cpp">
      <Filter>소스 파일</Filter>
    </ClCompile>
    <ClCompile Include="cPoint2N.cpp">
      <Filter>소스 파일</Filter>
    </ClCompile>
    <ClCompile Include="API2D.cpp">
      <Filter>소스 파일</Filter>
    </ClCompile>
    <ClCompile Include="cTimeManager.cpp">
      <Filter>소스 파일</Filter>
    </ClCompile>
    <ClCompile Include="cCharacterImage.cpp">
      <Filter>캐릭터</Filter>
    </ClCompile>
    <ClCompile Include="cMapImage.cpp">
      <Filter>맵</Filter>
    </ClCompile>
    <ClCompile Include="cFigthImage.cpp">
      <Filter>전투</Filter>
    </ClCompile>
    <ClCompile Include="cMainGame.cpp">
      <Filter>메인게임</Filter>
    </ClCompile>
    <ClCompile Include="cInventory.cpp">
      <Filter>인벤토리</Filter>
    </ClCompile>
  </ItemGroup>
  <ItemGroup>
    <ResourceCompile Include="API2D.rc">
      <Filter>리소스 파일</Filter>
    </ResourceCompile>
  </ItemGroup>
  <ItemGroup>
    <Image Include="small.ico">
      <Filter>리소스 파일</Filter>
    </Image>
    <Image Include="API2D.ico">
      <Filter>리소스 파일</Filter>
    </Image>
  </ItemGroup>
</Project>